
Microsoft Visual Studio Solution File, Format Version 12.00
# Visual Studio Version 16
VisualStudioVersion = 16.0.28803.916
MinimumVisualStudioVersion = 10.0.40219.1
Project("{FAE04EC0-301F-11D3-BF4B-00C04F79EFBC}") = "ca101", "ca101\ca101.csproj", "{2EF25A26-8FCF-4256-9CD2-3E136F22DAF1}"
EndProject
Global
	GlobalSection(SolutionConfigurationPlatforms) = preSolution
		Debug|Any CPU = Debug|Any CPU
		Release|Any CPU = Release|Any CPU
	EndGlobalSection
	GlobalSection(ProjectConfigurationPlatforms) = postSolution
		{2EF25A26-8FCF-4256-9CD2-3E136F22DAF1}.Debug|Any CPU.ActiveCfg = Debug|Any CPU
		{2EF25A26-8FCF-4256-9CD2-3E136F22DAF1}.Debug|Any CPU.Build.0 = Debug|Any CPU
		{2EF25A26-8FCF-4256-9CD2-3E136F22DAF1}.Release|Any CPU.ActiveCfg = Release|Any CPU
		{2EF25A26-8FCF-4256-9CD2-3E136F22DAF1}.Release|Any CPU.Build.0 = Release|Any CPU
	EndGlobalSection
	GlobalSection(SolutionProperties) = preSolution
		HideSolutionNode = FALSE
	EndGlobalSection
	GlobalSection(ExtensibilityGlobals) = postSolution
		SolutionGuid = {2B15D7A6-2C14-4C2E-B827-72621F494015}
	EndGlobalSection
EndGlobal
